// !$*UTF8*$!
{
	archiveVersion = 1;
	classes = {
	};
	objectVersion = 46;
	objects = {

/* Begin PBXBuildFile section */
		4C3697E215EFB88F007850DB /* UIKit.framework in Frameworks */ = {isa = PBXBuildFile; fileRef = 4C3697E115EFB88F007850DB /* UIKit.framework */; };
		4C3697E415EFB88F007850DB /* Foundation.framework in Frameworks */ = {isa = PBXBuildFile; fileRef = 4C3697E315EFB88F007850DB /* Foundation.framework */; };
		4C3697E615EFB88F007850DB /* CoreGraphics.framework in Frameworks */ = {isa = PBXBuildFile; fileRef = 4C3697E515EFB88F007850DB /* CoreGraphics.framework */; };
		4C3697EC15EFB88F007850DB /* InfoPlist.strings in Resources */ = {isa = PBXBuildFile; fileRef = 4C3697EA15EFB88F007850DB /* InfoPlist.strings */; };
		4C3697EE15EFB88F007850DB /* main.m in Sources */ = {isa = PBXBuildFile; fileRef = 4C3697ED15EFB88F007850DB /* main.m */; };
		4C3697F215EFB88F007850DB /* AppDelegate.m in Sources */ = {isa = PBXBuildFile; fileRef = 4C3697F115EFB88F007850DB /* AppDelegate.m */; };
		4C3697F515EFB88F007850DB /* ViewController.m in Sources */ = {isa = PBXBuildFile; fileRef = 4C3697F415EFB88F007850DB /* ViewController.m */; };
		4C36980015EFB8CD007850DB /* View.m in Sources */ = {isa = PBXBuildFile; fileRef = 4C3697FF15EFB8CD007850DB /* View.m */; };
/* End PBXBuildFile section */

/* Begin PBXFileReference section */
		4C3697DD15EFB88F007850DB /* Pictowatch.app */ = {isa = PBXFileReference; explicitFileType = wrapper.application; includeInIndex = 0; path = Pictowatch.app; sourceTree = BUILT_PRODUCTS_DIR; };
		4C3697E115EFB88F007850DB /* UIKit.framework */ = {isa = PBXFileReference; lastKnownFileType = wrapper.framework; name = UIKit.framework; path = System/Library/Frameworks/UIKit.framework; sourceTree = SDKROOT; };
		4C3697E315EFB88F007850DB /* Foundation.framework */ = {isa = PBXFileReference; lastKnownFileType = wrapper.framework; name = Foundation.framework; path = System/Library/Frameworks/Foundation.framework; sourceTree = SDKROOT; };
		4C3697E515EFB88F007850DB /* CoreGraphics.framework */ = {isa = PBXFileReference; lastKnownFileType = wrapper.framework; name = CoreGraphics.framework; path = System/Library/Frameworks/CoreGraphics.framework; sourceTree = SDKROOT; };
		4C3697E915EFB88F007850DB /* Pictowatch-Info.plist */ = {isa = PBXFileReference; lastKnownFileType = text.plist.xml; path = "Pictowatch-Info.plist"; sourceTree = "<group>"; };
		4C3697EB15EFB88F007850DB /* en */ = {isa = PBXFileReference; lastKnownFileType = text.plist.strings; name = en; path = en.lproj/InfoPlist.strings; sourceTree = "<group>"; };
		4C3697ED15EFB88F007850DB /* main.m */ = {isa = PBXFileReference; lastKnownFileType = sourcecode.c.objc; path = main.m; sourceTree = "<group>"; };
		4C3697EF15EFB88F007850DB /* Pictowatch-Prefix.pch */ = {isa = PBXFileReference; lastKnownFileType = sourcecode.c.h; path = "Pictowatch-Prefix.pch"; sourceTree = "<group>"; };
		4C3697F015EFB88F007850DB /* AppDelegate.h */ = {isa = PBXFileReference; lastKnownFileType = sourcecode.c.h; path = AppDelegate.h; sourceTree = "<group>"; };
		4C3697F115EFB88F007850DB /* AppDelegate.m */ = {isa = PBXFileReference; lastKnownFileType = sourcecode.c.objc; path = AppDelegate.m; sourceTree = "<group>"; };
		4C3697F315EFB88F007850DB /* ViewController.h */ = {isa = PBXFileReference; lastKnownFileType = sourcecode.c.h; path = ViewController.h; sourceTree = "<group>"; };
		4C3697F415EFB88F007850DB /* ViewController.m */ = {isa = PBXFileReference; lastKnownFileType = sourcecode.c.objc; path = ViewController.m; sourceTree = "<group>"; };
		4C3697FE15EFB8CD007850DB /* View.h */ = {isa = PBXFileReference; fileEncoding = 4; lastKnownFileType = sourcecode.c.h; path = View.h; sourceTree = "<group>"; };
		4C3697FF15EFB8CD007850DB /* View.m */ = {isa = PBXFileReference; fileEncoding = 4; lastKnownFileType = sourcecode.c.objc; path = View.m; sourceTree = "<group>"; };
		4C36980115EFBA5A007850DB /* TimeDelegate.h */ = {isa = PBXFileReference; lastKnownFileType = sourcecode.c.h; path = TimeDelegate.h; sourceTree = "<group>"; };
/* End PBXFileReference section */

/* Begin PBXFrameworksBuildPhase section */
		4C3697DA15EFB88F007850DB /* Frameworks */ = {
			isa = PBXFrameworksBuildPhase;
			buildActionMask = 2147483647;
			files = (
				4C3697E215EFB88F007850DB /* UIKit.framework in Frameworks */,
				4C3697E415EFB88F007850DB /* Foundation.framework in Frameworks */,
				4C3697E615EFB88F007850DB /* CoreGraphics.framework in Frameworks */,
			);
			runOnlyForDeploymentPostprocessing = 0;
		};
/* End PBXFrameworksBuildPhase section */

/* Begin PBXGroup section */
		4C3697D215EFB88F007850DB = {
			isa = PBXGroup;
			children = (
				4C3697E715EFB88F007850DB /* Pictowatch */,
				4C3697E015EFB88F007850DB /* Frameworks */,
				4C3697DE15EFB88F007850DB /* Products */,
			);
			sourceTree = "<group>";
		};
		4C3697DE15EFB88F007850DB /* Products */ = {
			isa = PBXGroup;
			children = (
				4C3697DD15EFB88F007850DB /* Pictowatch.app */,
			);
			name = Products;
			sourceTree = "<group>";
		};
		4C3697E015EFB88F007850DB /* Frameworks */ = {
			isa = PBXGroup;
			children = (
				4C3697E115EFB88F007850DB /* UIKit.framework */,
				4C3697E315EFB88F007850DB /* Foundation.framework */,
				4C3697E515EFB88F007850DB /* CoreGraphics.framework */,
			);
			name = Frameworks;
			sourceTree = "<group>";
		};
		4C3697E715EFB88F007850DB /* Pictowatch */ = {
			isa = PBXGroup;
			children = (
				4C3697F015EFB88F007850DB /* AppDelegate.h */,
				4C3697F115EFB88F007850DB /* AppDelegate.m */,
				4C3697F315EFB88F007850DB /* ViewController.h */,
				4C3697F415EFB88F007850DB /* ViewController.m */,
				4C3697FE15EFB8CD007850DB /* View.h */,
				4C3697FF15EFB8CD007850DB /* View.m */,
				4C3697E815EFB88F007850DB /* Supporting Files */,
				4C36980115EFBA5A007850DB /* TimeDelegate.h */,
			);
			path = Pictowatch;
			sourceTree = "<group>";
		};
		4C3697E815EFB88F007850DB /* Supporting Files */ = {
			isa = PBXGroup;
			children = (
				4C3697E915EFB88F007850DB /* Pictowatch-Info.plist */,
				4C3697EA15EFB88F007850DB /* InfoPlist.strings */,
				4C3697ED15EFB88F007850DB /* main.m */,
				4C3697EF15EFB88F007850DB /* Pictowatch-Prefix.pch */,
			);
			name = "Supporting Files";
			sourceTree = "<group>";
		};
/* End PBXGroup section */

/* Begin PBXNativeTarget section */
		4C3697DC15EFB88F007850DB /* Pictowatch */ = {
			isa = PBXNativeTarget;
			buildConfigurationList = 4C3697FB15EFB88F007850DB /* Build configuration list for PBXNativeTarget "Pictowatch" */;
			buildPhases = (
				4C3697D915EFB88F007850DB /* Sources */,
				4C3697DA15EFB88F007850DB /* Frameworks */,
				4C3697DB15EFB88F007850DB /* Resources */,
			);
			buildRules = (
			);
			dependencies = (
			);
			name = Pictowatch;
			productName = Pictowatch;
			productReference = 4C3697DD15EFB88F007850DB /* Pictowatch.app */;
			productType = "com.apple.product-type.application";
		};
/* End PBXNativeTarget section */

/* Begin PBXProject section */
		4C3697D415EFB88F007850DB /* Project object */ = {
			isa = PBXProject;
			attributes = {
				LastUpgradeCheck = 0430;
				TargetAttributes = {
					4C3697DC15EFB88F007850DB = {
						DevelopmentTeam = 5625A4W5DL;
					};
				};
			};
			buildConfigurationList = 4C3697D715EFB88F007850DB /* Build configuration list for PBXProject "Pictowatch" */;
			compatibilityVersion = "Xcode 3.2";
			developmentRegion = English;
			hasScannedForEncodings = 0;
			knownRegions = (
				en,
			);
			mainGroup = 4C3697D215EFB88F007850DB;
			productRefGroup = 4C3697DE15EFB88F007850DB /* Products */;
			projectDirPath = "";
			projectRoot = "";
			targets = (
				4C3697DC15EFB88F007850DB /* Pictowatch */,
			);
		};
/* End PBXProject section */

/* Begin PBXResourcesBuildPhase section */
		4C3697DB15EFB88F007850DB /* Resources */ = {
			isa = PBXResourcesBuildPhase;
			buildActionMask = 2147483647;
			files = (
				4C3697EC15EFB88F007850DB /* InfoPlist.strings in Resources */,
			);
			runOnlyForDeploymentPostprocessing = 0;
		};
/* End PBXResourcesBuildPhase section */

/* Begin PBXSourcesBuildPhase section */
		4C3697D915EFB88F007850DB /* Sources */ = {
			isa = PBXSourcesBuildPhase;
			buildActionMask = 2147483647;
			files = (
				4C3697EE15EFB88F007850DB /* main.m in Sources */,
				4C3697F215EFB88F007850DB /* AppDelegate.m in Sources */,
				4C3697F515EFB88F007850DB /* ViewController.m in Sources */,
				4C36980015EFB8CD007850DB /* View.m in Sources */,
			);
			runOnlyForDeploymentPostprocessing = 0;
		};
/* End PBXSourcesBuildPhase section */

/* Begin PBXVariantGroup section */
		4C3697EA15EFB88F007850DB /* InfoPlist.strings */ = {
			isa = PBXVariantGroup;
			children = (
				4C3697EB15EFB88F007850DB /* en */,
			);
			name = InfoPlist.strings;
			sourceTree = "<group>";
		};
/* End PBXVariantGroup section */

/* Begin XCBuildConfiguration section */
		4C3697F915EFB88F007850DB /* Debug */ = {
			isa = XCBuildConfiguration;
			buildSettings = {
				ALWAYS_SEARCH_USER_PATHS = NO;
				ARCHS = "$(ARCHS_STANDARD_32_BIT)";
				CLANG_ENABLE_OBJC_ARC = YES;
				CODE_SIGN_IDENTITY = "iPhone Developer: Anders Host Kjaurgaard (9ZXVP76556)";
				"CODE_SIGN_IDENTITY[sdk=iphoneos*]" = "iPhone Developer: Anders Host Kjaurgaard (9ZXVP76556)";
				COPY_PHASE_STRIP = NO;
				GCC_C_LANGUAGE_STANDARD = gnu99;
				GCC_DYNAMIC_NO_PIC = NO;
				GCC_OPTIMIZATION_LEVEL = 0;
				GCC_PREPROCESSOR_DEFINITIONS = (
					"DEBUG=1",
					"$(inherited)",
				);
				GCC_SYMBOLS_PRIVATE_EXTERN = NO;
				GCC_VERSION = com.apple.compilers.llvm.clang.1_0;
				GCC_WARN_ABOUT_RETURN_TYPE = YES;
				GCC_WARN_UNINITIALIZED_AUTOS = YES;
				GCC_WARN_UNUSED_VARIABLE = YES;
				IPHONEOS_DEPLOYMENT_TARGET = 7.1;
				PROVISIONING_PROFILE = "a1ee5d47-6f46-453b-a673-a109b1a9201d";
				SDKROOT = iphoneos;
			};
			name = Debug;
		};
		4C3697FA15EFB88F007850DB /* Release */ = {
			isa = XCBuildConfiguration;
			buildSettings = {
				ALWAYS_SEARCH_USER_PATHS = NO;
				ARCHS = "$(ARCHS_STANDARD_32_BIT)";
				CLANG_ENABLE_OBJC_ARC = YES;
				CODE_SIGN_IDENTITY = "iPhone Developer: Anders Host Kjaurgaard (9ZXVP76556)";
				"CODE_SIGN_IDENTITY[sdk=iphoneos*]" = "iPhone Developer: Anders Host Kjaurgaard (9ZXVP76556)";
				COPY_PHASE_STRIP = YES;
				GCC_C_LANGUAGE_STANDARD = gnu99;
				GCC_VERSION = com.apple.compilers.llvm.clang.1_0;
				GCC_WARN_ABOUT_RETURN_TYPE = YES;
				GCC_WARN_UNINITIALIZED_AUTOS = YES;
				GCC_WARN_UNUSED_VARIABLE = YES;
				IPHONEOS_DEPLOYMENT_TARGET = 7.1;
				OTHER_CFLAGS = "-DNS_BLOCK_ASSERTIONS=1";
				PROVISIONING_PROFILE = "a1ee5d47-6f46-453b-a673-a109b1a9201d";
				SDKROOT = iphoneos;
				VALIDATE_PRODUCT = YES;
			};
			name = Release;
		};
		4C3697FC15EFB88F007850DB /* Debug */ = {
			isa = XCBuildConfiguration;
			buildSettings = {
				CODE_SIGN_IDENTITY = "iPhone Developer";
				"CODE_SIGN_IDENTITY[sdk=iphoneos*]" = "iPhone Developer";
				GCC_PRECOMPILE_PREFIX_HEADER = YES;
				GCC_PREFIX_HEADER = "Pictowatch/Pictowatch-Prefix.pch";
				INFOPLIST_FILE = "Pictowatch/Pictowatch-Info.plist";
				IPHONEOS_DEPLOYMENT_TARGET = 7.1;
				PRODUCT_NAME = "$(TARGET_NAME)";
				PROVISIONING_PROFILE = "";
				TARGETED_DEVICE_FAMILY = "1,2";
				WRAPPER_EXTENSION = app;
			};
			name = Debug;
		};
		4C3697FD15EFB88F007850DB /* Release */ = {
			isa = XCBuildConfiguration;
			buildSettings = {
				CODE_SIGN_IDENTITY = "iPhone Developer";
				"CODE_SIGN_IDENTITY[sdk=iphoneos*]" = "iPhone Developer";
				GCC_PRECOMPILE_PREFIX_HEADER = YES;
				GCC_PREFIX_HEADER = "Pictowatch/Pictowatch-Prefix.pch";
				INFOPLIST_FILE = "Pictowatch/Pictowatch-Info.plist";
				IPHONEOS_DEPLOYMENT_TARGET = 7.1;
				PRODUCT_NAME = "$(TARGET_NAME)";
				PROVISIONING_PROFILE = "";
				TARGETED_DEVICE_FAMILY = "1,2";
				WRAPPER_EXTENSION = app;
			};
			name = Release;
		};
		4CAAE07119F04304001B712A /* Ad Hoc */ = {
			isa = XCBuildConfiguration;
			buildSettings = {
				ALWAYS_SEARCH_USER_PATHS = NO;
				ARCHS = "$(ARCHS_STANDARD_32_BIT)";
				CLANG_ENABLE_OBJC_ARC = YES;
				CODE_SIGN_IDENTITY = "iPhone Developer: Anders Host Kjaurgaard (9ZXVP76556)";
				"CODE_SIGN_IDENTITY[sdk=iphoneos*]" = "iPhone Developer: Anders Host Kjaurgaard (9ZXVP76556)";
				COPY_PHASE_STRIP = YES;
				GCC_C_LANGUAGE_STANDARD = gnu99;
				GCC_VERSION = com.apple.compilers.llvm.clang.1_0;
				GCC_WARN_ABOUT_RETURN_TYPE = YES;
				GCC_WARN_UNINITIALIZED_AUTOS = YES;
				GCC_WARN_UNUSED_VARIABLE = YES;
				IPHONEOS_DEPLOYMENT_TARGET = 7.1;
				OTHER_CFLAGS = "-DNS_BLOCK_ASSERTIONS=1";
				PROVISIONING_PROFILE = "a1ee5d47-6f46-453b-a673-a109b1a9201d";
				SDKROOT = iphoneos;
				VALIDATE_PRODUCT = YES;
			};
			name = "Ad Hoc";
		};
		4CAAE07219F04304001B712A /* Ad Hoc */ = {
			isa = XCBuildConfiguration;
			buildSettings = {
				CODE_SIGN_IDENTITY = "iPhone Developer";
				"CODE_SIGN_IDENTITY[sdk=iphoneos*]" = "iPhone Developer";
				GCC_PRECOMPILE_PREFIX_HEADER = YES;
				GCC_PREFIX_HEADER = "Pictowatch/Pictowatch-Prefix.pch";
				INFOPLIST_FILE = "Pictowatch/Pictowatch-Info.plist";
				IPHONEOS_DEPLOYMENT_TARGET = 7.1;
				PRODUCT_NAME = "$(TARGET_NAME)";
				PROVISIONING_PROFILE = "";
				TARGETED_DEVICE_FAMILY = "1,2";
				WRAPPER_EXTENSION = app;
			};
			name = "Ad Hoc";
		};
/* End XCBuildConfiguration section */

/* Begin XCConfigurationList section */
		4C3697D715EFB88F007850DB /* Build configuration list for PBXProject "Pictowatch" */ = {
			isa = XCConfigurationList;
			buildConfigurations = (
				4C3697F915EFB88F007850DB /* Debug */,
				4C3697FA15EFB88F007850DB /* Release */,
				4CAAE07119F04304001B712A /* Ad Hoc */,
			);
			defaultConfigurationIsVisible = 0;
			defaultConfigurationName = Release;
		};
		4C3697FB15EFB88F007850DB /* Build configuration list for PBXNativeTarget "Pictowatch" */ = {
			isa = XCConfigurationList;
			buildConfigurations = (
				4C3697FC15EFB88F007850DB /* Debug */,
				4C3697FD15EFB88F007850DB /* Release */,
				4CAAE07219F04304001B712A /* Ad Hoc */,
			);
			defaultConfigurationIsVisible = 0;
			defaultConfigurationName = Release;
		};
/* End XCConfigurationList section */
	};
	rootObject = 4C3697D415EFB88F007850DB /* Project object */;
}
